// !$*UTF8*$!
{
	archiveVersion = 1;
	classes = {
	};
	objectVersion = 50;
	objects = {

/* Begin PBXBuildFile section */
		2C079A68225C23AC0000408A /* AppDelegate.swift in Sources */ = {isa = PBXBuildFile; fileRef = 2C079A67225C23AC0000408A /* AppDelegate.swift */; };
		2C079A6D225C23AC0000408A /* Main.storyboard in Resources */ = {isa = PBXBuildFile; fileRef = 2C079A6B225C23AC0000408A /* Main.storyboard */; };
		2C079A6F225C23AF0000408A /* Assets.xcassets in Resources */ = {isa = PBXBuildFile; fileRef = 2C079A6E225C23AF0000408A /* Assets.xcassets */; };
		2C079A72225C23AF0000408A /* LaunchScreen.storyboard in Resources */ = {isa = PBXBuildFile; fileRef = 2C079A70225C23AF0000408A /* LaunchScreen.storyboard */; };
		2C079A7D225C23AF0000408A /* ParstagramTests.swift in Sources */ = {isa = PBXBuildFile; fileRef = 2C079A7C225C23AF0000408A /* ParstagramTests.swift */; };
		2C079A88225C23AF0000408A /* ParstagramUITests.swift in Sources */ = {isa = PBXBuildFile; fileRef = 2C079A87225C23AF0000408A /* ParstagramUITests.swift */; };
		2CF91E48225EF78600836343 /* LoginViewController.swift in Sources */ = {isa = PBXBuildFile; fileRef = 2CF91E47225EF78600836343 /* LoginViewController.swift */; };
		2CF91E4A225EF7A000836343 /* FeedViewController.swift in Sources */ = {isa = PBXBuildFile; fileRef = 2CF91E49225EF7A000836343 /* FeedViewController.swift */; };
		2CF91E4C225F0CF100836343 /* CameraViewController.swift in Sources */ = {isa = PBXBuildFile; fileRef = 2CF91E4B225F0CF100836343 /* CameraViewController.swift */; };
		2CF91E4E226263B000836343 /* PosterCell.swift in Sources */ = {isa = PBXBuildFile; fileRef = 2CF91E4D226263B000836343 /* PosterCell.swift */; };
		2CF91E50226415D200836343 /* CommentCell.swift in Sources */ = {isa = PBXBuildFile; fileRef = 2CF91E4F226415D100836343 /* CommentCell.swift */; };
		5B5C117D07445AE860106E95 /* Pods_Parstagram.framework in Frameworks */ = {isa = PBXBuildFile; fileRef = C7ED4F942C31FE647F7D5C4C /* Pods_Parstagram.framework */; };
		A86F1732C886D0DD7BE1FABA /* Pods_ParstagramUITests.framework in Frameworks */ = {isa = PBXBuildFile; fileRef = 165E396A880BCCACDCA88F8E /* Pods_ParstagramUITests.framework */; };
		FC25FB83A6960D6B22C97623 /* Pods_ParstagramTests.framework in Frameworks */ = {isa = PBXBuildFile; fileRef = 0D3026098305C9E057AEDDBA /* Pods_ParstagramTests.framework */; };
/* End PBXBuildFile section */

/* Begin PBXContainerItemProxy section */
		2C079A79225C23AF0000408A /* PBXContainerItemProxy */ = {
			isa = PBXContainerItemProxy;
			containerPortal = 2C079A5C225C23AB0000408A /* Project object */;
			proxyType = 1;
			remoteGlobalIDString = 2C079A63225C23AC0000408A;
			remoteInfo = Parstagram;
		};
		2C079A84225C23AF0000408A /* PBXContainerItemProxy */ = {
			isa = PBXContainerItemProxy;
			containerPortal = 2C079A5C225C23AB0000408A /* Project object */;
			proxyType = 1;
			remoteGlobalIDString = 2C079A63225C23AC0000408A;
			remoteInfo = Parstagram;
		};
/* End PBXContainerItemProxy section */

/* Begin PBXFileReference section */
		0D3026098305C9E057AEDDBA /* Pods_ParstagramTests.framework */ = {isa = PBXFileReference; explicitFileType = wrapper.framework; includeInIndex = 0; path = Pods_ParstagramTests.framework; sourceTree = BUILT_PRODUCTS_DIR; };
		165E396A880BCCACDCA88F8E /* Pods_ParstagramUITests.framework */ = {isa = PBXFileReference; explicitFileType = wrapper.framework; includeInIndex = 0; path = Pods_ParstagramUITests.framework; sourceTree = BUILT_PRODUCTS_DIR; };
		2C079A64225C23AC0000408A /* Parstagram.app */ = {isa = PBXFileReference; explicitFileType = wrapper.application; includeInIndex = 0; path = Parstagram.app; sourceTree = BUILT_PRODUCTS_DIR; };
		2C079A67225C23AC0000408A /* AppDelegate.swift */ = {isa = PBXFileReference; lastKnownFileType = sourcecode.swift; path = AppDelegate.swift; sourceTree = "<group>"; };
		2C079A6C225C23AC0000408A /* Base */ = {isa = PBXFileReference; lastKnownFileType = file.storyboard; name = Base; path = Base.lproj/Main.storyboard; sourceTree = "<group>"; };
		2C079A6E225C23AF0000408A /* Assets.xcassets */ = {isa = PBXFileReference; lastKnownFileType = folder.assetcatalog; path = Assets.xcassets; sourceTree = "<group>"; };
		2C079A71225C23AF0000408A /* Base */ = {isa = PBXFileReference; lastKnownFileType = file.storyboard; name = Base; path = Base.lproj/LaunchScreen.storyboard; sourceTree = "<group>"; };
		2C079A73225C23AF0000408A /* Info.plist */ = {isa = PBXFileReference; lastKnownFileType = text.plist.xml; path = Info.plist; sourceTree = "<group>"; };
		2C079A78225C23AF0000408A /* ParstagramTests.xctest */ = {isa = PBXFileReference; explicitFileType = wrapper.cfbundle; includeInIndex = 0; path = ParstagramTests.xctest; sourceTree = BUILT_PRODUCTS_DIR; };
		2C079A7C225C23AF0000408A /* ParstagramTests.swift */ = {isa = PBXFileReference; lastKnownFileType = sourcecode.swift; path = ParstagramTests.swift; sourceTree = "<group>"; };
		2C079A7E225C23AF0000408A /* Info.plist */ = {isa = PBXFileReference; lastKnownFileType = text.plist.xml; path = Info.plist; sourceTree = "<group>"; };
		2C079A83225C23AF0000408A /* ParstagramUITests.xctest */ = {isa = PBXFileReference; explicitFileType = wrapper.cfbundle; includeInIndex = 0; path = ParstagramUITests.xctest; sourceTree = BUILT_PRODUCTS_DIR; };
		2C079A87225C23AF0000408A /* ParstagramUITests.swift */ = {isa = PBXFileReference; lastKnownFileType = sourcecode.swift; path = ParstagramUITests.swift; sourceTree = "<group>"; };
		2C079A89225C23AF0000408A /* Info.plist */ = {isa = PBXFileReference; lastKnownFileType = text.plist.xml; path = Info.plist; sourceTree = "<group>"; };
		2CF91E47225EF78600836343 /* LoginViewController.swift */ = {isa = PBXFileReference; lastKnownFileType = sourcecode.swift; path = LoginViewController.swift; sourceTree = "<group>"; };
		2CF91E49225EF7A000836343 /* FeedViewController.swift */ = {isa = PBXFileReference; lastKnownFileType = sourcecode.swift; path = FeedViewController.swift; sourceTree = "<group>"; };
		2CF91E4B225F0CF100836343 /* CameraViewController.swift */ = {isa = PBXFileReference; lastKnownFileType = sourcecode.swift; path = CameraViewController.swift; sourceTree = "<group>"; };
		2CF91E4D226263B000836343 /* PosterCell.swift */ = {isa = PBXFileReference; lastKnownFileType = sourcecode.swift; path = PosterCell.swift; sourceTree = "<group>"; };
		2CF91E4F226415D100836343 /* CommentCell.swift */ = {isa = PBXFileReference; lastKnownFileType = sourcecode.swift; path = CommentCell.swift; sourceTree = "<group>"; };
		36C5CB82011C6A33701D5EED /* Pods-ParstagramUITests.release.xcconfig */ = {isa = PBXFileReference; includeInIndex = 1; lastKnownFileType = text.xcconfig; name = "Pods-ParstagramUITests.release.xcconfig"; path = "Target Support Files/Pods-ParstagramUITests/Pods-ParstagramUITests.release.xcconfig"; sourceTree = "<group>"; };
		84746CC8447D61C51E28233F /* Pods-Parstagram.release.xcconfig */ = {isa = PBXFileReference; includeInIndex = 1; lastKnownFileType = text.xcconfig; name = "Pods-Parstagram.release.xcconfig"; path = "Target Support Files/Pods-Parstagram/Pods-Parstagram.release.xcconfig"; sourceTree = "<group>"; };
		9100561C1241C559FF75858F /* Pods-ParstagramTests.release.xcconfig */ = {isa = PBXFileReference; includeInIndex = 1; lastKnownFileType = text.xcconfig; name = "Pods-ParstagramTests.release.xcconfig"; path = "Target Support Files/Pods-ParstagramTests/Pods-ParstagramTests.release.xcconfig"; sourceTree = "<group>"; };
		A9D7489A58A8E9CF03103DD8 /* Pods-ParstagramTests.debug.xcconfig */ = {isa = PBXFileReference; includeInIndex = 1; lastKnownFileType = text.xcconfig; name = "Pods-ParstagramTests.debug.xcconfig"; path = "Target Support Files/Pods-ParstagramTests/Pods-ParstagramTests.debug.xcconfig"; sourceTree = "<group>"; };
		AABA4698FA7D656ED322B5E4 /* Pods-ParstagramUITests.debug.xcconfig */ = {isa = PBXFileReference; includeInIndex = 1; lastKnownFileType = text.xcconfig; name = "Pods-ParstagramUITests.debug.xcconfig"; path = "Target Support Files/Pods-ParstagramUITests/Pods-ParstagramUITests.debug.xcconfig"; sourceTree = "<group>"; };
		AB378FA7B2F294939E19D59F /* Pods-Parstagram.debug.xcconfig */ = {isa = PBXFileReference; includeInIndex = 1; lastKnownFileType = text.xcconfig; name = "Pods-Parstagram.debug.xcconfig"; path = "Target Support Files/Pods-Parstagram/Pods-Parstagram.debug.xcconfig"; sourceTree = "<group>"; };
		C7ED4F942C31FE647F7D5C4C /* Pods_Parstagram.framework */ = {isa = PBXFileReference; explicitFileType = wrapper.framework; includeInIndex = 0; path = Pods_Parstagram.framework; sourceTree = BUILT_PRODUCTS_DIR; };
/* End PBXFileReference section */

/* Begin PBXFrameworksBuildPhase section */
		2C079A61225C23AC0000408A /* Frameworks */ = {
			isa = PBXFrameworksBuildPhase;
			buildActionMask = 2147483647;
			files = (
				5B5C117D07445AE860106E95 /* Pods_Parstagram.framework in Frameworks */,
			);
			runOnlyForDeploymentPostprocessing = 0;
		};
		2C079A75225C23AF0000408A /* Frameworks */ = {
			isa = PBXFrameworksBuildPhase;
			buildActionMask = 2147483647;
			files = (
				FC25FB83A6960D6B22C97623 /* Pods_ParstagramTests.framework in Frameworks */,
			);
			runOnlyForDeploymentPostprocessing = 0;
		};
		2C079A80225C23AF0000408A /* Frameworks */ = {
			isa = PBXFrameworksBuildPhase;
			buildActionMask = 2147483647;
			files = (
				A86F1732C886D0DD7BE1FABA /* Pods_ParstagramUITests.framework in Frameworks */,
			);
			runOnlyForDeploymentPostprocessing = 0;
		};
/* End PBXFrameworksBuildPhase section */

/* Begin PBXGroup section */
		0149B834A31077C8ADB97D61 /* Frameworks */ = {
			isa = PBXGroup;
			children = (
				C7ED4F942C31FE647F7D5C4C /* Pods_Parstagram.framework */,
				0D3026098305C9E057AEDDBA /* Pods_ParstagramTests.framework */,
				165E396A880BCCACDCA88F8E /* Pods_ParstagramUITests.framework */,
			);
			name = Frameworks;
			sourceTree = "<group>";
		};
		2C079A5B225C23AB0000408A = {
			isa = PBXGroup;
			children = (
				2C079A66225C23AC0000408A /* Parstagram */,
				2C079A7B225C23AF0000408A /* ParstagramTests */,
				2C079A86225C23AF0000408A /* ParstagramUITests */,
				2C079A65225C23AC0000408A /* Products */,
				BC24365E1753304244154267 /* Pods */,
				0149B834A31077C8ADB97D61 /* Frameworks */,
			);
			sourceTree = "<group>";
		};
		2C079A65225C23AC0000408A /* Products */ = {
			isa = PBXGroup;
			children = (
				2C079A64225C23AC0000408A /* Parstagram.app */,
				2C079A78225C23AF0000408A /* ParstagramTests.xctest */,
				2C079A83225C23AF0000408A /* ParstagramUITests.xctest */,
			);
			name = Products;
			sourceTree = "<group>";
		};
		2C079A66225C23AC0000408A /* Parstagram */ = {
			isa = PBXGroup;
			children = (
				2C079A67225C23AC0000408A /* AppDelegate.swift */,
				2C079A6B225C23AC0000408A /* Main.storyboard */,
				2C079A6E225C23AF0000408A /* Assets.xcassets */,
				2C079A70225C23AF0000408A /* LaunchScreen.storyboard */,
				2C079A73225C23AF0000408A /* Info.plist */,
				2CF91E47225EF78600836343 /* LoginViewController.swift */,
				2CF91E49225EF7A000836343 /* FeedViewController.swift */,
				2CF91E4B225F0CF100836343 /* CameraViewController.swift */,
				2CF91E4D226263B000836343 /* PosterCell.swift */,
				2CF91E4F226415D100836343 /* CommentCell.swift */,
			);
			path = Parstagram;
			sourceTree = "<group>";
		};
		2C079A7B225C23AF0000408A /* ParstagramTests */ = {
			isa = PBXGroup;
			children = (
				2C079A7C225C23AF0000408A /* ParstagramTests.swift */,
				2C079A7E225C23AF0000408A /* Info.plist */,
			);
			path = ParstagramTests;
			sourceTree = "<group>";
		};
		2C079A86225C23AF0000408A /* ParstagramUITests */ = {
			isa = PBXGroup;
			children = (
				2C079A87225C23AF0000408A /* ParstagramUITests.swift */,
				2C079A89225C23AF0000408A /* Info.plist */,
			);
			path = ParstagramUITests;
			sourceTree = "<group>";
		};
		BC24365E1753304244154267 /* Pods */ = {
			isa = PBXGroup;
			children = (
				AB378FA7B2F294939E19D59F /* Pods-Parstagram.debug.xcconfig */,
				84746CC8447D61C51E28233F /* Pods-Parstagram.release.xcconfig */,
				A9D7489A58A8E9CF03103DD8 /* Pods-ParstagramTests.debug.xcconfig */,
				9100561C1241C559FF75858F /* Pods-ParstagramTests.release.xcconfig */,
				AABA4698FA7D656ED322B5E4 /* Pods-ParstagramUITests.debug.xcconfig */,
				36C5CB82011C6A33701D5EED /* Pods-ParstagramUITests.release.xcconfig */,
			);
			path = Pods;
			sourceTree = "<group>";
		};
/* End PBXGroup section */

/* Begin PBXNativeTarget section */
		2C079A63225C23AC0000408A /* Parstagram */ = {
			isa = PBXNativeTarget;
			buildConfigurationList = 2C079A8C225C23AF0000408A /* Build configuration list for PBXNativeTarget "Parstagram" */;
			buildPhases = (
				DA40534E9E1792E92978A777 /* [CP] Check Pods Manifest.lock */,
				2C079A60225C23AC0000408A /* Sources */,
				2C079A61225C23AC0000408A /* Frameworks */,
				2C079A62225C23AC0000408A /* Resources */,
				882E739C6DFD1426F2052C8C /* [CP] Embed Pods Frameworks */,
			);
			buildRules = (
			);
			dependencies = (
			);
			name = Parstagram;
			productName = Parstagram;
			productReference = 2C079A64225C23AC0000408A /* Parstagram.app */;
			productType = "com.apple.product-type.application";
		};
		2C079A77225C23AF0000408A /* ParstagramTests */ = {
			isa = PBXNativeTarget;
			buildConfigurationList = 2C079A8F225C23AF0000408A /* Build configuration list for PBXNativeTarget "ParstagramTests" */;
			buildPhases = (
				05106B38E32814A33EF1C5FC /* [CP] Check Pods Manifest.lock */,
				2C079A74225C23AF0000408A /* Sources */,
				2C079A75225C23AF0000408A /* Frameworks */,
				2C079A76225C23AF0000408A /* Resources */,
			);
			buildRules = (
			);
			dependencies = (
				2C079A7A225C23AF0000408A /* PBXTargetDependency */,
			);
			name = ParstagramTests;
			productName = ParstagramTests;
			productReference = 2C079A78225C23AF0000408A /* ParstagramTests.xctest */;
			productType = "com.apple.product-type.bundle.unit-test";
		};
		2C079A82225C23AF0000408A /* ParstagramUITests */ = {
			isa = PBXNativeTarget;
			buildConfigurationList = 2C079A92225C23AF0000408A /* Build configuration list for PBXNativeTarget "ParstagramUITests" */;
			buildPhases = (
				CAAF1201B0E6BE975D47D604 /* [CP] Check Pods Manifest.lock */,
				2C079A7F225C23AF0000408A /* Sources */,
				2C079A80225C23AF0000408A /* Frameworks */,
				2C079A81225C23AF0000408A /* Resources */,
			);
			buildRules = (
			);
			dependencies = (
				2C079A85225C23AF0000408A /* PBXTargetDependency */,
			);
			name = ParstagramUITests;
			productName = ParstagramUITests;
			productReference = 2C079A83225C23AF0000408A /* ParstagramUITests.xctest */;
			productType = "com.apple.product-type.bundle.ui-testing";
		};
/* End PBXNativeTarget section */

/* Begin PBXProject section */
		2C079A5C225C23AB0000408A /* Project object */ = {
			isa = PBXProject;
			attributes = {
				LastSwiftUpdateCheck = 1020;
				LastUpgradeCheck = 1020;
				ORGANIZATIONNAME = "Sandeep Sagoo";
				TargetAttributes = {
					2C079A63225C23AC0000408A = {
						CreatedOnToolsVersion = 10.2;
					};
					2C079A77225C23AF0000408A = {
						CreatedOnToolsVersion = 10.2;
						TestTargetID = 2C079A63225C23AC0000408A;
					};
					2C079A82225C23AF0000408A = {
						CreatedOnToolsVersion = 10.2;
						TestTargetID = 2C079A63225C23AC0000408A;
					};
				};
			};
			buildConfigurationList = 2C079A5F225C23AB0000408A /* Build configuration list for PBXProject "Parstagram" */;
			compatibilityVersion = "Xcode 9.3";
			developmentRegion = en;
			hasScannedForEncodings = 0;
			knownRegions = (
				en,
				Base,
			);
			mainGroup = 2C079A5B225C23AB0000408A;
			productRefGroup = 2C079A65225C23AC0000408A /* Products */;
			projectDirPath = "";
			projectRoot = "";
			targets = (
				2C079A63225C23AC0000408A /* Parstagram */,
				2C079A77225C23AF0000408A /* ParstagramTests */,
				2C079A82225C23AF0000408A /* ParstagramUITests */,
			);
		};
/* End PBXProject section */

/* Begin PBXResourcesBuildPhase section */
		2C079A62225C23AC0000408A /* Resources */ = {
			isa = PBXResourcesBuildPhase;
			buildActionMask = 2147483647;
			files = (
				2C079A72225C23AF0000408A /* LaunchScreen.storyboard in Resources */,
				2C079A6F225C23AF0000408A /* Assets.xcassets in Resources */,
				2C079A6D225C23AC0000408A /* Main.storyboard in Resources */,
			);
			runOnlyForDeploymentPostprocessing = 0;
		};
		2C079A76225C23AF0000408A /* Resources */ = {
			isa = PBXResourcesBuildPhase;
			buildActionMask = 2147483647;
			files = (
			);
			runOnlyForDeploymentPostprocessing = 0;
		};
		2C079A81225C23AF0000408A /* Resources */ = {
			isa = PBXResourcesBuildPhase;
			buildActionMask = 2147483647;
			files = (
			);
			runOnlyForDeploymentPostprocessing = 0;
		};
/* End PBXResourcesBuildPhase section */

/* Begin PBXShellScriptBuildPhase section */
		05106B38E32814A33EF1C5FC /* [CP] Check Pods Manifest.lock */ = {
			isa = PBXShellScriptBuildPhase;
			buildActionMask = 2147483647;
			files = (
			);
			inputFileListPaths = (
			);
			inputPaths = (
				"${PODS_PODFILE_DIR_PATH}/Podfile.lock",
				"${PODS_ROOT}/Manifest.lock",
			);
			name = "[CP] Check Pods Manifest.lock";
			outputFileListPaths = (
			);
			outputPaths = (
				"$(DERIVED_FILE_DIR)/Pods-ParstagramTests-checkManifestLockResult.txt",
			);
			runOnlyForDeploymentPostprocessing = 0;
			shellPath = /bin/sh;
			shellScript = "diff \"${PODS_PODFILE_DIR_PATH}/Podfile.lock\" \"${PODS_ROOT}/Manifest.lock\" > /dev/null\nif [ $? != 0 ] ; then\n    # print error to STDERR\n    echo \"error: The sandbox is not in sync with the Podfile.lock. Run 'pod install' or update your CocoaPods installation.\" >&2\n    exit 1\nfi\n# This output is used by Xcode 'outputs' to avoid re-running this script phase.\necho \"SUCCESS\" > \"${SCRIPT_OUTPUT_FILE_0}\"\n";
			showEnvVarsInLog = 0;
		};
		882E739C6DFD1426F2052C8C /* [CP] Embed Pods Frameworks */ = {
			isa = PBXShellScriptBuildPhase;
			buildActionMask = 2147483647;
			files = (
			);
			inputFileListPaths = (
			);
			inputPaths = (
				"${PODS_ROOT}/Target Support Files/Pods-Parstagram/Pods-Parstagram-frameworks.sh",
				"${BUILT_PRODUCTS_DIR}/Alamofire/Alamofire.framework",
				"${BUILT_PRODUCTS_DIR}/AlamofireImage/AlamofireImage.framework",
				"${BUILT_PRODUCTS_DIR}/Bolts/Bolts.framework",
				"${BUILT_PRODUCTS_DIR}/MessageInputBar/MessageInputBar.framework",
				"${BUILT_PRODUCTS_DIR}/Parse/Parse.framework",
			);
			name = "[CP] Embed Pods Frameworks";
			outputFileListPaths = (
			);
			outputPaths = (
				"${TARGET_BUILD_DIR}/${FRAMEWORKS_FOLDER_PATH}/Alamofire.framework",
				"${TARGET_BUILD_DIR}/${FRAMEWORKS_FOLDER_PATH}/AlamofireImage.framework",
				"${TARGET_BUILD_DIR}/${FRAMEWORKS_FOLDER_PATH}/Bolts.framework",
				"${TARGET_BUILD_DIR}/${FRAMEWORKS_FOLDER_PATH}/MessageInputBar.framework",
				"${TARGET_BUILD_DIR}/${FRAMEWORKS_FOLDER_PATH}/Parse.framework",
			);
			runOnlyForDeploymentPostprocessing = 0;
			shellPath = /bin/sh;
			shellScript = "\"${PODS_ROOT}/Target Support Files/Pods-Parstagram/Pods-Parstagram-frameworks.sh\"\n";
			showEnvVarsInLog = 0;
		};
		CAAF1201B0E6BE975D47D604 /* [CP] Check Pods Manifest.lock */ = {
			isa = PBXShellScriptBuildPhase;
			buildActionMask = 2147483647;
			files = (
			);
			inputFileListPaths = (
			);
			inputPaths = (
				"${PODS_PODFILE_DIR_PATH}/Podfile.lock",
				"${PODS_ROOT}/Manifest.lock",
			);
			name = "[CP] Check Pods Manifest.lock";
			outputFileListPaths = (
			);
			outputPaths = (
				"$(DERIVED_FILE_DIR)/Pods-ParstagramUITests-checkManifestLockResult.txt",
			);
			runOnlyForDeploymentPostprocessing = 0;
			shellPath = /bin/sh;
			shellScript = "diff \"${PODS_PODFILE_DIR_PATH}/Podfile.lock\" \"${PODS_ROOT}/Manifest.lock\" > /dev/null\nif [ $? != 0 ] ; then\n    # print error to STDERR\n    echo \"error: The sandbox is not in sync with the Podfile.lock. Run 'pod install' or update your CocoaPods installation.\" >&2\n    exit 1\nfi\n# This output is used by Xcode 'outputs' to avoid re-running this script phase.\necho \"SUCCESS\" > \"${SCRIPT_OUTPUT_FILE_0}\"\n";
			showEnvVarsInLog = 0;
		};
		DA40534E9E1792E92978A777 /* [CP] Check Pods Manifest.lock */ = {
			isa = PBXShellScriptBuildPhase;
			buildActionMask = 2147483647;
			files = (
			);
			inputFileListPaths = (
			);
			inputPaths = (
				"${PODS_PODFILE_DIR_PATH}/Podfile.lock",
				"${PODS_ROOT}/Manifest.lock",
			);
			name = "[CP] Check Pods Manifest.lock";
			outputFileListPaths = (
			);
			outputPaths = (
				"$(DERIVED_FILE_DIR)/Pods-Parstagram-checkManifestLockResult.txt",
			);
			runOnlyForDeploymentPostprocessing = 0;
			shellPath = /bin/sh;
			shellScript = "diff \"${PODS_PODFILE_DIR_PATH}/Podfile.lock\" \"${PODS_ROOT}/Manifest.lock\" > /dev/null\nif [ $? != 0 ] ; then\n    # print error to STDERR\n    echo \"error: The sandbox is not in sync with the Podfile.lock. Run 'pod install' or update your CocoaPods installation.\" >&2\n    exit 1\nfi\n# This output is used by Xcode 'outputs' to avoid re-running this script phase.\necho \"SUCCESS\" > \"${SCRIPT_OUTPUT_FILE_0}\"\n";
			showEnvVarsInLog = 0;
		};
/* End PBXShellScriptBuildPhase section */

/* Begin PBXSourcesBuildPhase section */
		2C079A60225C23AC0000408A /* Sources */ = {
			isa = PBXSourcesBuildPhase;
			buildActionMask = 2147483647;
			files = (
				2CF91E48225EF78600836343 /* LoginViewController.swift in Sources */,
				2CF91E4E226263B000836343 /* PosterCell.swift in Sources */,
				2CF91E4C225F0CF100836343 /* CameraViewController.swift in Sources */,
				2CF91E4A225EF7A000836343 /* FeedViewController.swift in Sources */,
				2C079A68225C23AC0000408A /* AppDelegate.swift in Sources */,
				2CF91E50226415D200836343 /* CommentCell.swift in Sources */,
			);
			runOnlyForDeploymentPostprocessing = 0;
		};
		2C079A74225C23AF0000408A /* Sources */ = {
			isa = PBXSourcesBuildPhase;
			buildActionMask = 2147483647;
			files = (
				2C079A7D225C23AF0000408A /* ParstagramTests.swift in Sources */,
			);
			runOnlyForDeploymentPostprocessing = 0;
		};
		2C079A7F225C23AF0000408A /* Sources */ = {
			isa = PBXSourcesBuildPhase;
			buildActionMask = 2147483647;
			files = (
				2C079A88225C23AF0000408A /* ParstagramUITests.swift in Sources */,
			);
			runOnlyForDeploymentPostprocessing = 0;
		};
/* End PBXSourcesBuildPhase section */

/* Begin PBXTargetDependency section */
		2C079A7A225C23AF0000408A /* PBXTargetDependency */ = {
			isa = PBXTargetDependency;
			target = 2C079A63225C23AC0000408A /* Parstagram */;
			targetProxy = 2C079A79225C23AF0000408A /* PBXContainerItemProxy */;
		};
		2C079A85225C23AF0000408A /* PBXTargetDependency */ = {
			isa = PBXTargetDependency;
			target = 2C079A63225C23AC0000408A /* Parstagram */;
			targetProxy = 2C079A84225C23AF0000408A /* PBXContainerItemProxy */;
		};
/* End PBXTargetDependency section */

/* Begin PBXVariantGroup section */
		2C079A6B225C23AC0000408A /* Main.storyboard */ = {
			isa = PBXVariantGroup;
			children = (
				2C079A6C225C23AC0000408A /* Base */,
			);
			name = Main.storyboard;
			sourceTree = "<group>";
		};
		2C079A70225C23AF0000408A /* LaunchScreen.storyboard */ = {
			isa = PBXVariantGroup;
			children = (
				2C079A71225C23AF0000408A /* Base */,
			);
			name = LaunchScreen.storyboard;
			sourceTree = "<group>";
		};
/* End PBXVariantGroup section */

/* Begin XCBuildConfiguration section */
		2C079A8A225C23AF0000408A /* Debug */ = {
			isa = XCBuildConfiguration;
			buildSettings = {
				ALWAYS_SEARCH_USER_PATHS = NO;
				CLANG_ANALYZER_NONNULL = YES;
				CLANG_ANALYZER_NUMBER_OBJECT_CONVERSION = YES_AGGRESSIVE;
				CLANG_CXX_LANGUAGE_STANDARD = "gnu++14";
				CLANG_CXX_LIBRARY = "libc++";
				CLANG_ENABLE_MODULES = YES;
				CLANG_ENABLE_OBJC_ARC = YES;
				CLANG_ENABLE_OBJC_WEAK = YES;
				CLANG_WARN_BLOCK_CAPTURE_AUTORELEASING = YES;
				CLANG_WARN_BOOL_CONVERSION = YES;
				CLANG_WARN_COMMA = YES;
				CLANG_WARN_CONSTANT_CONVERSION = YES;
				CLANG_WARN_DEPRECATED_OBJC_IMPLEMENTATIONS = YES;
				CLANG_WARN_DIRECT_OBJC_ISA_USAGE = YES_ERROR;
				CLANG_WARN_DOCUMENTATION_COMMENTS = YES;
				CLANG_WARN_EMPTY_BODY = YES;
				CLANG_WARN_ENUM_CONVERSION = YES;
				CLANG_WARN_INFINITE_RECURSION = YES;
				CLANG_WARN_INT_CONVERSION = YES;
				CLANG_WARN_NON_LITERAL_NULL_CONVERSION = YES;
				CLANG_WARN_OBJC_IMPLICIT_RETAIN_SELF = YES;
				CLANG_WARN_OBJC_LITERAL_CONVERSION = YES;
				CLANG_WARN_OBJC_ROOT_CLASS = YES_ERROR;
				CLANG_WARN_RANGE_LOOP_ANALYSIS = YES;
				CLANG_WARN_STRICT_PROTOTYPES = YES;
				CLANG_WARN_SUSPICIOUS_MOVE = YES;
				CLANG_WARN_UNGUARDED_AVAILABILITY = YES_AGGRESSIVE;
				CLANG_WARN_UNREACHABLE_CODE = YES;
				CLANG_WARN__DUPLICATE_METHOD_MATCH = YES;
				CODE_SIGN_IDENTITY = "iPhone Developer";
				COPY_PHASE_STRIP = NO;
				DEBUG_INFORMATION_FORMAT = dwarf;
				ENABLE_STRICT_OBJC_MSGSEND = YES;
				ENABLE_TESTABILITY = YES;
				GCC_C_LANGUAGE_STANDARD = gnu11;
				GCC_DYNAMIC_NO_PIC = NO;
				GCC_NO_COMMON_BLOCKS = YES;
				GCC_OPTIMIZATION_LEVEL = 0;
				GCC_PREPROCESSOR_DEFINITIONS = (
					"DEBUG=1",
					"$(inherited)",
				);
				GCC_WARN_64_TO_32_BIT_CONVERSION = YES;
				GCC_WARN_ABOUT_RETURN_TYPE = YES_ERROR;
				GCC_WARN_UNDECLARED_SELECTOR = YES;
				GCC_WARN_UNINITIALIZED_AUTOS = YES_AGGRESSIVE;
				GCC_WARN_UNUSED_FUNCTION = YES;
				GCC_WARN_UNUSED_VARIABLE = YES;
				IPHONEOS_DEPLOYMENT_TARGET = 12.2;
				MTL_ENABLE_DEBUG_INFO = INCLUDE_SOURCE;
				MTL_FAST_MATH = YES;
				ONLY_ACTIVE_ARCH = YES;
				SDKROOT = iphoneos;
				SWIFT_ACTIVE_COMPILATION_CONDITIONS = DEBUG;
				SWIFT_OPTIMIZATION_LEVEL = "-Onone";
			};
			name = Debug;
		};
		2C079A8B225C23AF0000408A /* Release */ = {
			isa = XCBuildConfiguration;
			buildSettings = {
				ALWAYS_SEARCH_USER_PATHS = NO;
				CLANG_ANALYZER_NONNULL = YES;
				CLANG_ANALYZER_NUMBER_OBJECT_CONVERSION = YES_AGGRESSIVE;
				CLANG_CXX_LANGUAGE_STANDARD = "gnu++14";
				CLANG_CXX_LIBRARY = "libc++";
				CLANG_ENABLE_MODULES = YES;
				CLANG_ENABLE_OBJC_ARC = YES;
				CLANG_ENABLE_OBJC_WEAK = YES;
				CLANG_WARN_BLOCK_CAPTURE_AUTORELEASING = YES;
				CLANG_WARN_BOOL_CONVERSION = YES;
				CLANG_WARN_COMMA = YES;
				CLANG_WARN_CONSTANT_CONVERSION = YES;
				CLANG_WARN_DEPRECATED_OBJC_IMPLEMENTATIONS = YES;
				CLANG_WARN_DIRECT_OBJC_ISA_USAGE = YES_ERROR;
				CLANG_WARN_DOCUMENTATION_COMMENTS = YES;
				CLANG_WARN_EMPTY_BODY = YES;
				CLANG_WARN_ENUM_CONVERSION = YES;
				CLANG_WARN_INFINITE_RECURSION = YES;
				CLANG_WARN_INT_CONVERSION = YES;
				CLANG_WARN_NON_LITERAL_NULL_CONVERSION = YES;
				CLANG_WARN_OBJC_IMPLICIT_RETAIN_SELF = YES;
				CLANG_WARN_OBJC_LITERAL_CONVERSION = YES;
				CLANG_WARN_OBJC_ROOT_CLASS = YES_ERROR;
				CLANG_WARN_RANGE_LOOP_ANALYSIS = YES;
				CLANG_WARN_STRICT_PROTOTYPES = YES;
				CLANG_WARN_SUSPICIOUS_MOVE = YES;
				CLANG_WARN_UNGUARDED_AVAILABILITY = YES_AGGRESSIVE;
				CLANG_WARN_UNREACHABLE_CODE = YES;
				CLANG_WARN__DUPLICATE_METHOD_MATCH = YES;
				CODE_SIGN_IDENTITY = "iPhone Developer";
				COPY_PHASE_STRIP = NO;
				DEBUG_INFORMATION_FORMAT = "dwarf-with-dsym";
				ENABLE_NS_ASSERTIONS = NO;
				ENABLE_STRICT_OBJC_MSGSEND = YES;
				GCC_C_LANGUAGE_STANDARD = gnu11;
				GCC_NO_COMMON_BLOCKS = YES;
				GCC_WARN_64_TO_32_BIT_CONVERSION = YES;
				GCC_WARN_ABOUT_RETURN_TYPE = YES_ERROR;
				GCC_WARN_UNDECLARED_SELECTOR = YES;
				GCC_WARN_UNINITIALIZED_AUTOS = YES_AGGRESSIVE;
				GCC_WARN_UNUSED_FUNCTION = YES;
				GCC_WARN_UNUSED_VARIABLE = YES;
				IPHONEOS_DEPLOYMENT_TARGET = 12.2;
				MTL_ENABLE_DEBUG_INFO = NO;
				MTL_FAST_MATH = YES;
				SDKROOT = iphoneos;
				SWIFT_COMPILATION_MODE = wholemodule;
				SWIFT_OPTIMIZATION_LEVEL = "-O";
				VALIDATE_PRODUCT = YES;
			};
			name = Release;
		};
		2C079A8D225C23AF0000408A /* Debug */ = {
			isa = XCBuildConfiguration;
			baseConfigurationReference = AB378FA7B2F294939E19D59F /* Pods-Parstagram.debug.xcconfig */;
			buildSettings = {
				ASSETCATALOG_COMPILER_APPICON_NAME = AppIcon;
				CODE_SIGN_STYLE = Automatic;
				INFOPLIST_FILE = Parstagram/Info.plist;
				LD_RUNPATH_SEARCH_PATHS = (
					"$(inherited)",
					"@executable_path/Frameworks",
				);
				PRODUCT_BUNDLE_IDENTIFIER = CodePath.Parstagram;
				PRODUCT_NAME = "$(TARGET_NAME)";
				SWIFT_VERSION = 5.0;
				TARGETED_DEVICE_FAMILY = "1,2";
			};
			name = Debug;
		};
		2C079A8E225C23AF0000408A /* Release */ = {
			isa = XCBuildConfiguration;
			baseConfigurationReference = 84746CC8447D61C51E28233F /* Pods-Parstagram.release.xcconfig */;
			buildSettings = {
				ASSETCATALOG_COMPILER_APPICON_NAME = AppIcon;
				CODE_SIGN_STYLE = Automatic;
				INFOPLIST_FILE = Parstagram/Info.plist;
				LD_RUNPATH_SEARCH_PATHS = (
					"$(inherited)",
					"@executable_path/Frameworks",
				);
				PRODUCT_BUNDLE_IDENTIFIER = CodePath.Parstagram;
				PRODUCT_NAME = "$(TARGET_NAME)";
				SWIFT_VERSION = 5.0;
				TARGETED_DEVICE_FAMILY = "1,2";
			};
			name = Release;
		};
		2C079A90225C23AF0000408A /* Debug */ = {
			isa = XCBuildConfiguration;
			baseConfigurationReference = A9D7489A58A8E9CF03103DD8 /* Pods-ParstagramTests.debug.xcconfig */;
			buildSettings = {
				ALWAYS_EMBED_SWIFT_STANDARD_LIBRARIES = YES;
				BUNDLE_LOADER = "$(TEST_HOST)";
				CODE_SIGN_STYLE = Automatic;
				INFOPLIST_FILE = ParstagramTests/Info.plist;
				LD_RUNPATH_SEARCH_PATHS = (
					"$(inherited)",
					"@executable_path/Frameworks",
					"@loader_path/Frameworks",
				);
				PRODUCT_BUNDLE_IDENTIFIER = CodePath.ParstagramTests;
				PRODUCT_NAME = "$(TARGET_NAME)";
				SWIFT_VERSION = 5.0;
				TARGETED_DEVICE_FAMILY = "1,2";
				TEST_HOST = "$(BUILT_PRODUCTS_DIR)/Parstagram.app/Parstagram";
			};
			name = Debug;
		};
		2C079A91225C23AF0000408A /* Release */ = {
			isa = XCBuildConfiguration;
			baseConfigurationReference = 9100561C1241C559FF75858F /* Pods-ParstagramTests.release.xcconfig */;
			buildSettings = {
				ALWAYS_EMBED_SWIFT_STANDARD_LIBRARIES = YES;
				BUNDLE_LOADER = "$(TEST_HOST)";
				CODE_SIGN_STYLE = Automatic;
				INFOPLIST_FILE = ParstagramTests/Info.plist;
				LD_RUNPATH_SEARCH_PATHS = (
					"$(inherited)",
					"@executable_path/Frameworks",
					"@loader_path/Frameworks",
				);
				PRODUCT_BUNDLE_IDENTIFIER = CodePath.ParstagramTests;
				PRODUCT_NAME = "$(TARGET_NAME)";
				SWIFT_VERSION = 5.0;
				TARGETED_DEVICE_FAMILY = "1,2";
				TEST_HOST = "$(BUILT_PRODUCTS_DIR)/Parstagram.app/Parstagram";
			};
			name = Release;
		};
		2C079A93225C23AF0000408A /* Debug */ = {
			isa = XCBuildConfiguration;
			baseConfigurationReference = AABA4698FA7D656ED322B5E4 /* Pods-ParstagramUITests.debug.xcconfig */;
			buildSettings = {
				ALWAYS_EMBED_SWIFT_STANDARD_LIBRARIES = YES;
				CODE_SIGN_STYLE = Automatic;
				INFOPLIST_FILE = ParstagramUITests/Info.plist;
				LD_RUNPATH_SEARCH_PATHS = (
					"$(inherited)",
					"@executable_path/Frameworks",
					"@loader_path/Frameworks",
				);
				PRODUCT_BUNDLE_IDENTIFIER = CodePath.ParstagramUITests;
				PRODUCT_NAME = "$(TARGET_NAME)";
				SWIFT_VERSION = 5.0;
				TARGETED_DEVICE_FAMILY = "1,2";
				TEST_TARGET_NAME = Parstagram;
			};
			name = Debug;
		};
		2C079A94225C23AF0000408A /* Release */ = {
			isa = XCBuildConfiguration;
			baseConfigurationReference = 36C5CB82011C6A33701D5EED /* Pods-ParstagramUITests.release.xcconfig */;
			buildSettings = {
				ALWAYS_EMBED_SWIFT_STANDARD_LIBRARIES = YES;
				CODE_SIGN_STYLE = Automatic;
				INFOPLIST_FILE = ParstagramUITests/Info.plist;
				LD_RUNPATH_SEARCH_PATHS = (
					"$(inherited)",
					"@executable_path/Frameworks",
					"@loader_path/Frameworks",
				);
				PRODUCT_BUNDLE_IDENTIFIER = CodePath.ParstagramUITests;
				PRODUCT_NAME = "$(TARGET_NAME)";
				SWIFT_VERSION = 5.0;
				TARGETED_DEVICE_FAMILY = "1,2";
				TEST_TARGET_NAME = Parstagram;
			};
			name = Release;
		};
/* End XCBuildConfiguration section */

/* Begin XCConfigurationList section */
		2C079A5F225C23AB0000408A /* Build configuration list for PBXProject "Parstagram" */ = {
			isa = XCConfigurationList;
			buildConfigurations = (
				2C079A8A225C23AF0000408A /* Debug */,
				2C079A8B225C23AF0000408A /* Release */,
			);
			defaultConfigurationIsVisible = 0;
			defaultConfigurationName = Release;
		};
		2C079A8C225C23AF0000408A /* Build configuration list for PBXNativeTarget "Parstagram" */ = {
			isa = XCConfigurationList;
			buildConfigurations = (
				2C079A8D225C23AF0000408A /* Debug */,
				2C079A8E225C23AF0000408A /* Release */,
			);
			defaultConfigurationIsVisible = 0;
			defaultConfigurationName = Release;
		};
		2C079A8F225C23AF0000408A /* Build configuration list for PBXNativeTarget "ParstagramTests" */ = {
			isa = XCConfigurationList;
			buildConfigurations = (
				2C079A90225C23AF0000408A /* Debug */,
				2C079A91225C23AF0000408A /* Release */,
			);
			defaultConfigurationIsVisible = 0;
			defaultConfigurationName = Release;
		};
		2C079A92225C23AF0000408A /* Build configuration list for PBXNativeTarget "ParstagramUITests" */ = {
			isa = XCConfigurationList;
			buildConfigurations = (
				2C079A93225C23AF0000408A /* Debug */,
				2C079A94225C23AF0000408A /* Release */,
			);
			defaultConfigurationIsVisible = 0;
			defaultConfigurationName = Release;
		};
/* End XCConfigurationList section */
	};
	rootObject = 2C079A5C225C23AB0000408A /* Project object */;
}
